
Microsoft Visual Studio Solution File, Format Version 12.00
# Visual Studio Version 16
VisualStudioVersion = 16.0.30611.23
MinimumVisualStudioVersion = 10.0.40219.1
Project("{8BC9CEB8-8B4A-11D0-8D11-00A0C91BC942}") = "lab7zad1", "lab7zad1\lab7zad1.vcxproj", "{9BE4C3BE-BB18-4C1B-930E-9E2E718E028A}"
EndProject
Project("{8BC9CEB8-8B4A-11D0-8D11-00A0C91BC942}") = "OS07_04", "OS07_04\OS07_04.vcxproj", "{6D456D7B-0E7B-4F77-B01B-DA918AB56ABE}"
EndProject
Project("{8BC9CEB8-8B4A-11D0-8D11-00A0C91BC942}") = "OS07_04A", "OS07_04A\OS07_04A.vcxproj", "{59A75B05-D2DA-4EBE-84C0-547079F82B5D}"
EndProject
Project("{8BC9CEB8-8B4A-11D0-8D11-00A0C91BC942}") = "OS07_04B", "OS07_04B\OS07_04B.vcxproj", "{C0EE8B88-2993-43B0-9498-216328228BE3}"
EndProject
Project("{8BC9CEB8-8B4A-11D0-8D11-00A0C91BC942}") = "OS07_02", "OS07_02\OS07_02.vcxproj", "{660094BA-5085-4064-9D8E-42B453AC328C}"
EndProject
Project("{8BC9CEB8-8B4A-11D0-8D11-00A0C91BC942}") = "OS07_03", "OS07_03\OS07_03.vcxproj", "{886C0A5E-2E25-4474-8E7D-50049C993C3C}"
EndProject
Project("{8BC9CEB8-8B4A-11D0-8D11-00A0C91BC942}") = "OS07_03A", "OS07_03A\OS07_03A.vcxproj", "{D7401516-9535-4592-861B-E71F143C3A9C}"
EndProject
Project("{8BC9CEB8-8B4A-11D0-8D11-00A0C91BC942}") = "OS07_03B", "OS07_03B\OS07_03B.vcxproj", "{FBCDED57-159D-48DD-99E8-77E8228A5CBF}"
EndProject
Project("{8BC9CEB8-8B4A-11D0-8D11-00A0C91BC942}") = "OS07_05", "OS07_05\OS07_05.vcxproj", "{437362A5-902B-49E5-BFA4-90AE2B04F3ED}"
EndProject
Project("{8BC9CEB8-8B4A-11D0-8D11-00A0C91BC942}") = "OS07_05A", "OS07_05A\OS07_05A.vcxproj", "{539FB765-15A9-4AB2-96A4-2D9B94406F9F}"
EndProject
Project("{8BC9CEB8-8B4A-11D0-8D11-00A0C91BC942}") = "OS07_05B", "OS07_05B\OS07_05B.vcxproj", "{98D63E80-FEBA-4617-B482-171E577A0421}"
EndProject
Global
	GlobalSection(SolutionConfigurationPlatforms) = preSolution
		Debug|x64 = Debug|x64
		Debug|x86 = Debug|x86
		Release|x64 = Release|x64
		Release|x86 = Release|x86
	EndGlobalSection
	GlobalSection(ProjectConfigurationPlatforms) = postSolution
		{9BE4C3BE-BB18-4C1B-930E-9E2E718E028A}.Debug|x64.ActiveCfg = Debug|x64
		{9BE4C3BE-BB18-4C1B-930E-9E2E718E028A}.Debug|x64.Build.0 = Debug|x64
		{9BE4C3BE-BB18-4C1B-930E-9E2E718E028A}.Debug|x86.ActiveCfg = Debug|Win32
		{9BE4C3BE-BB18-4C1B-930E-9E2E718E028A}.Debug|x86.Build.0 = Debug|Win32
		{9BE4C3BE-BB18-4C1B-930E-9E2E718E028A}.Release|x64.ActiveCfg = Release|x64
		{9BE4C3BE-BB18-4C1B-930E-9E2E718E028A}.Release|x64.Build.0 = Release|x64
		{9BE4C3BE-BB18-4C1B-930E-9E2E718E028A}.Release|x86.ActiveCfg = Release|Win32
		{9BE4C3BE-BB18-4C1B-930E-9E2E718E028A}.Release|x86.Build.0 = Release|Win32
		{6D456D7B-0E7B-4F77-B01B-DA918AB56ABE}.Debug|x64.ActiveCfg = Debug|x64
		{6D456D7B-0E7B-4F77-B01B-DA918AB56ABE}.Debug|x64.Build.0 = Debug|x64
		{6D456D7B-0E7B-4F77-B01B-DA918AB56ABE}.Debug|x86.ActiveCfg = Debug|Win32
		{6D456D7B-0E7B-4F77-B01B-DA918AB56ABE}.Debug|x86.Build.0 = Debug|Win32
		{6D456D7B-0E7B-4F77-B01B-DA918AB56ABE}.Release|x64.ActiveCfg = Release|x64
		{6D456D7B-0E7B-4F77-B01B-DA918AB56ABE}.Release|x64.Build.0 = Release|x64
		{6D456D7B-0E7B-4F77-B01B-DA918AB56ABE}.Release|x86.ActiveCfg = Release|Win32
		{6D456D7B-0E7B-4F77-B01B-DA918AB56ABE}.Release|x86.Build.0 = Release|Win32
		{59A75B05-D2DA-4EBE-84C0-547079F82B5D}.Debug|x64.ActiveCfg = Debug|x64
		{59A75B05-D2DA-4EBE-84C0-547079F82B5D}.Debug|x64.Build.0 = Debug|x64
		{59A75B05-D2DA-4EBE-84C0-547079F82B5D}.Debug|x86.ActiveCfg = Debug|Win32
		{59A75B05-D2DA-4EBE-84C0-547079F82B5D}.Debug|x86.Build.0 = Debug|Win32
		{59A75B05-D2DA-4EBE-84C0-547079F82B5D}.Release|x64.ActiveCfg = Release|x64
		{59A75B05-D2DA-4EBE-84C0-547079F82B5D}.Release|x64.Build.0 = Release|x64
		{59A75B05-D2DA-4EBE-84C0-547079F82B5D}.Release|x86.ActiveCfg = Release|Win32
		{59A75B05-D2DA-4EBE-84C0-547079F82B5D}.Release|x86.Build.0 = Release|Win32
		{C0EE8B88-2993-43B0-9498-216328228BE3}.Debug|x64.ActiveCfg = Debug|x64
		{C0EE8B88-2993-43B0-9498-216328228BE3}.Debug|x64.Build.0 = Debug|x64
		{C0EE8B88-2993-43B0-9498-216328228BE3}.Debug|x86.ActiveCfg = Debug|Win32
		{C0EE8B88-2993-43B0-9498-216328228BE3}.Debug|x86.Build.0 = Debug|Win32
		{C0EE8B88-2993-43B0-9498-216328228BE3}.Release|x64.ActiveCfg = Release|x64
		{C0EE8B88-2993-43B0-9498-216328228BE3}.Release|x64.Build.0 = Release|x64
		{C0EE8B88-2993-43B0-9498-216328228BE3}.Release|x86.ActiveCfg = Release|Win32
		{C0EE8B88-2993-43B0-9498-216328228BE3}.Release|x86.Build.0 = Release|Win32
		{660094BA-5085-4064-9D8E-42B453AC328C}.Debug|x64.ActiveCfg = Debug|x64
		{660094BA-5085-4064-9D8E-42B453AC328C}.Debug|x64.Build.0 = Debug|x64
		{660094BA-5085-4064-9D8E-42B453AC328C}.Debug|x86.ActiveCfg = Debug|Win32
		{660094BA-5085-4064-9D8E-42B453AC328C}.Debug|x86.Build.0 = Debug|Win32
		{660094BA-5085-4064-9D8E-42B453AC328C}.Release|x64.ActiveCfg = Release|x64
		{660094BA-5085-4064-9D8E-42B453AC328C}.Release|x64.Build.0 = Release|x64
		{660094BA-5085-4064-9D8E-42B453AC328C}.Release|x86.ActiveCfg = Release|Win32
		{660094BA-5085-4064-9D8E-42B453AC328C}.Release|x86.Build.0 = Release|Win32
		{886C0A5E-2E25-4474-8E7D-50049C993C3C}.Debug|x64.ActiveCfg = Debug|x64
		{886C0A5E-2E25-4474-8E7D-50049C993C3C}.Debug|x64.Build.0 = Debug|x64
		{886C0A5E-2E25-4474-8E7D-50049C993C3C}.Debug|x86.ActiveCfg = Debug|Win32
		{886C0A5E-2E25-4474-8E7D-50049C993C3C}.Debug|x86.Build.0 = Debug|Win32
		{886C0A5E-2E25-4474-8E7D-50049C993C3C}.Release|x64.ActiveCfg = Release|x64
		{886C0A5E-2E25-4474-8E7D-50049C993C3C}.Release|x64.Build.0 = Release|x64
		{886C0A5E-2E25-4474-8E7D-50049C993C3C}.Release|x86.ActiveCfg = Release|Win32
		{886C0A5E-2E25-4474-8E7D-50049C993C3C}.Release|x86.Build.0 = Release|Win32
		{D7401516-9535-4592-861B-E71F143C3A9C}.Debug|x64.ActiveCfg = Debug|x64
		{D7401516-9535-4592-861B-E71F143C3A9C}.Debug|x64.Build.0 = Debug|x64
		{D7401516-9535-4592-861B-E71F143C3A9C}.Debug|x86.ActiveCfg = Debug|Win32
		{D7401516-9535-4592-861B-E71F143C3A9C}.Debug|x86.Build.0 = Debug|Win32
		{D7401516-9535-4592-861B-E71F143C3A9C}.Release|x64.ActiveCfg = Release|x64
		{D7401516-9535-4592-861B-E71F143C3A9C}.Release|x64.Build.0 = Release|x64
		{D7401516-9535-4592-861B-E71F143C3A9C}.Release|x86.ActiveCfg = Release|Win32
		{D7401516-9535-4592-861B-E71F143C3A9C}.Release|x86.Build.0 = Release|Win32
		{FBCDED57-159D-48DD-99E8-77E8228A5CBF}.Debug|x64.ActiveCfg = Debug|x64
		{FBCDED57-159D-48DD-99E8-77E8228A5CBF}.Debug|x64.Build.0 = Debug|x64
		{FBCDED57-159D-48DD-99E8-77E8228A5CBF}.Debug|x86.ActiveCfg = Debug|Win32
		{FBCDED57-159D-48DD-99E8-77E8228A5CBF}.Debug|x86.Build.0 = Debug|Win32
		{FBCDED57-159D-48DD-99E8-77E8228A5CBF}.Release|x64.ActiveCfg = Release|x64
		{FBCDED57-159D-48DD-99E8-77E8228A5CBF}.Release|x64.Build.0 = Release|x64
		{FBCDED57-159D-48DD-99E8-77E8228A5CBF}.Release|x86.ActiveCfg = Release|Win32
		{FBCDED57-159D-48DD-99E8-77E8228A5CBF}.Release|x86.Build.0 = Release|Win32
		{437362A5-902B-49E5-BFA4-90AE2B04F3ED}.Debug|x64.ActiveCfg = Debug|x64
		{437362A5-902B-49E5-BFA4-90AE2B04F3ED}.Debug|x64.Build.0 = Debug|x64
		{437362A5-902B-49E5-BFA4-90AE2B04F3ED}.Debug|x86.ActiveCfg = Debug|Win32
		{437362A5-902B-49E5-BFA4-90AE2B04F3ED}.Debug|x86.Build.0 = Debug|Win32
		{437362A5-902B-49E5-BFA4-90AE2B04F3ED}.Release|x64.ActiveCfg = Release|x64
		{437362A5-902B-49E5-BFA4-90AE2B04F3ED}.Release|x64.Build.0 = Release|x64
		{437362A5-902B-49E5-BFA4-90AE2B04F3ED}.Release|x86.ActiveCfg = Release|Win32
		{437362A5-902B-49E5-BFA4-90AE2B04F3ED}.Release|x86.Build.0 = Release|Win32
		{539FB765-15A9-4AB2-96A4-2D9B94406F9F}.Debug|x64.ActiveCfg = Debug|x64
		{539FB765-15A9-4AB2-96A4-2D9B94406F9F}.Debug|x64.Build.0 = Debug|x64
		{539FB765-15A9-4AB2-96A4-2D9B94406F9F}.Debug|x86.ActiveCfg = Debug|Win32
		{539FB765-15A9-4AB2-96A4-2D9B94406F9F}.Debug|x86.Build.0 = Debug|Win32
		{539FB765-15A9-4AB2-96A4-2D9B94406F9F}.Release|x64.ActiveCfg = Release|x64
		{539FB765-15A9-4AB2-96A4-2D9B94406F9F}.Release|x64.Build.0 = Release|x64
		{539FB765-15A9-4AB2-96A4-2D9B94406F9F}.Release|x86.ActiveCfg = Release|Win32
		{539FB765-15A9-4AB2-96A4-2D9B94406F9F}.Release|x86.Build.0 = Release|Win32
		{98D63E80-FEBA-4617-B482-171E577A0421}.Debug|x64.ActiveCfg = Debug|x64
		{98D63E80-FEBA-4617-B482-171E577A0421}.Debug|x64.Build.0 = Debug|x64
		{98D63E80-FEBA-4617-B482-171E577A0421}.Debug|x86.ActiveCfg = Debug|Win32
		{98D63E80-FEBA-4617-B482-171E577A0421}.Debug|x86.Build.0 = Debug|Win32
		{98D63E80-FEBA-4617-B482-171E577A0421}.Release|x64.ActiveCfg = Release|x64
		{98D63E80-FEBA-4617-B482-171E577A0421}.Release|x64.Build.0 = Release|x64
		{98D63E80-FEBA-4617-B482-171E577A0421}.Release|x86.ActiveCfg = Release|Win32
		{98D63E80-FEBA-4617-B482-171E577A0421}.Release|x86.Build.0 = Release|Win32
	EndGlobalSection
	GlobalSection(SolutionProperties) = preSolution
		HideSolutionNode = FALSE
	EndGlobalSection
	GlobalSection(ExtensibilityGlobals) = postSolution
		SolutionGuid = {310BB943-BC30-43E4-B13B-85045EDC6D4B}
	EndGlobalSection
EndGlobal
